
Microsoft Visual Studio Solution File, Format Version 12.00
# Visual Studio Version 17
VisualStudioVersion = 17.0.32002.185
MinimumVisualStudioVersion = 10.0.40219.1
Project("{9A19103F-16F7-4668-BE54-9A1E7A4F7556}") = "day1", "day1\day1.csproj", "{7A9D057C-0413-435E-9934-164AEEE0EE1E}"
EndProject
Project("{9A19103F-16F7-4668-BE54-9A1E7A4F7556}") = "day1-2", "day1-2\day1-2.csproj", "{61BC6E60-FEBE-4CAE-BADA-E7D2564BE74A}"
EndProject
Project("{FAE04EC0-301F-11D3-BF4B-00C04F79EFBC}") = "day2", "day2\day2.csproj", "{F888ADB2-31BE-457F-9A59-C2C312BD7195}"
EndProject
Project("{FAE04EC0-301F-11D3-BF4B-00C04F79EFBC}") = "Day2-2", "Day2-2\Day2-2.csproj", "{ECD25316-812B-421C-B43E-614590B95E64}"
EndProject
Project("{FAE04EC0-301F-11D3-BF4B-00C04F79EFBC}") = "Day3", "Day3\Day3.csproj", "{43EF6076-3DEF-4E6A-9C5B-F7E516F9FB50}"
EndProject
Global
	GlobalSection(SolutionConfigurationPlatforms) = preSolution
		Debug|Any CPU = Debug|Any CPU
		Release|Any CPU = Release|Any CPU
	EndGlobalSection
	GlobalSection(ProjectConfigurationPlatforms) = postSolution
		{7A9D057C-0413-435E-9934-164AEEE0EE1E}.Debug|Any CPU.ActiveCfg = Debug|Any CPU
		{7A9D057C-0413-435E-9934-164AEEE0EE1E}.Debug|Any CPU.Build.0 = Debug|Any CPU
		{7A9D057C-0413-435E-9934-164AEEE0EE1E}.Release|Any CPU.ActiveCfg = Release|Any CPU
		{7A9D057C-0413-435E-9934-164AEEE0EE1E}.Release|Any CPU.Build.0 = Release|Any CPU
		{61BC6E60-FEBE-4CAE-BADA-E7D2564BE74A}.Debug|Any CPU.ActiveCfg = Debug|Any CPU
		{61BC6E60-FEBE-4CAE-BADA-E7D2564BE74A}.Debug|Any CPU.Build.0 = Debug|Any CPU
		{61BC6E60-FEBE-4CAE-BADA-E7D2564BE74A}.Release|Any CPU.ActiveCfg = Release|Any CPU
		{61BC6E60-FEBE-4CAE-BADA-E7D2564BE74A}.Release|Any CPU.Build.0 = Release|Any CPU
		{F888ADB2-31BE-457F-9A59-C2C312BD7195}.Debug|Any CPU.ActiveCfg = Debug|Any CPU
		{F888ADB2-31BE-457F-9A59-C2C312BD7195}.Debug|Any CPU.Build.0 = Debug|Any CPU
		{F888ADB2-31BE-457F-9A59-C2C312BD7195}.Release|Any CPU.ActiveCfg = Release|Any CPU
		{F888ADB2-31BE-457F-9A59-C2C312BD7195}.Release|Any CPU.Build.0 = Release|Any CPU
		{ECD25316-812B-421C-B43E-614590B95E64}.Debug|Any CPU.ActiveCfg = Debug|Any CPU
		{ECD25316-812B-421C-B43E-614590B95E64}.Debug|Any CPU.Build.0 = Debug|Any CPU
		{ECD25316-812B-421C-B43E-614590B95E64}.Release|Any CPU.ActiveCfg = Release|Any CPU
		{ECD25316-812B-421C-B43E-614590B95E64}.Release|Any CPU.Build.0 = Release|Any CPU
		{43EF6076-3DEF-4E6A-9C5B-F7E516F9FB50}.Debug|Any CPU.ActiveCfg = Debug|Any CPU
		{43EF6076-3DEF-4E6A-9C5B-F7E516F9FB50}.Debug|Any CPU.Build.0 = Debug|Any CPU
		{43EF6076-3DEF-4E6A-9C5B-F7E516F9FB50}.Release|Any CPU.ActiveCfg = Release|Any CPU
		{43EF6076-3DEF-4E6A-9C5B-F7E516F9FB50}.Release|Any CPU.Build.0 = Release|Any CPU
	EndGlobalSection
	GlobalSection(SolutionProperties) = preSolution
		HideSolutionNode = FALSE
	EndGlobalSection
	GlobalSection(ExtensibilityGlobals) = postSolution
		SolutionGuid = {B61B2185-7A98-4424-B529-6F70C9F9B202}
	EndGlobalSection
EndGlobal
